
Microsoft Visual Studio Solution File, Format Version 12.00
# Visual Studio 15
VisualStudioVersion = 15.0.27703.1
MinimumVisualStudioVersion = 10.0.40219.1
Project("{FAE04EC0-301F-11D3-BF4B-00C04F79EFBC}") = "AlgorithmsDataStructures", "AlgorithmsDataStructures\AlgorithmsDataStructures.csproj", "{2C0A3BC6-1B1C-4BAC-BDEE-88C318255BAD}"
EndProject
Project("{FAE04EC0-301F-11D3-BF4B-00C04F79EFBC}") = "LectionsIntuit", "LectionsIntuit\LectionsIntuit.csproj", "{11508BCF-0B89-4CB4-A2B2-442CED310E4F}"
EndProject
Global
	GlobalSection(SolutionConfigurationPlatforms) = preSolution
		Debug|Any CPU = Debug|Any CPU
		Release|Any CPU = Release|Any CPU
	EndGlobalSection
	GlobalSection(ProjectConfigurationPlatforms) = postSolution
		{2C0A3BC6-1B1C-4BAC-BDEE-88C318255BAD}.Debug|Any CPU.ActiveCfg = Debug|Any CPU
		{2C0A3BC6-1B1C-4BAC-BDEE-88C318255BAD}.Debug|Any CPU.Build.0 = Debug|Any CPU
		{2C0A3BC6-1B1C-4BAC-BDEE-88C318255BAD}.Release|Any CPU.ActiveCfg = Release|Any CPU
		{2C0A3BC6-1B1C-4BAC-BDEE-88C318255BAD}.Release|Any CPU.Build.0 = Release|Any CPU
		{11508BCF-0B89-4CB4-A2B2-442CED310E4F}.Debug|Any CPU.ActiveCfg = Debug|Any CPU
		{11508BCF-0B89-4CB4-A2B2-442CED310E4F}.Debug|Any CPU.Build.0 = Debug|Any CPU
		{11508BCF-0B89-4CB4-A2B2-442CED310E4F}.Release|Any CPU.ActiveCfg = Release|Any CPU
		{11508BCF-0B89-4CB4-A2B2-442CED310E4F}.Release|Any CPU.Build.0 = Release|Any CPU
	EndGlobalSection
	GlobalSection(SolutionProperties) = preSolution
		HideSolutionNode = FALSE
	EndGlobalSection
	GlobalSection(ExtensibilityGlobals) = postSolution
		SolutionGuid = {889AE65B-8394-4308-A7D2-5AD998BA3CBB}
	EndGlobalSection
EndGlobal
